{
  "name": "chatbot-saas",
  "version": "0.1.0",
  "lockfileVersion": 3,
  "requires": true,
  "packages": {
    "": {
      "name": "chatbot-saas",
      "version": "0.1.0",
      "workspaces": [
        "apps/*",
        "packages/*"
      ],
      "devDependencies": {
        "@types/node": "^20.19.17",
        "typescript": "^5.9.3"
      },
      "engines": {
        "node": ">=20"
      }
    },
    "apps/admin": {
      "name": "@chatbot/admin",
      "version": "0.1.0"
    },
    "apps/api": {
      "name": "@chatbot/api",
      "version": "0.1.0",
      "dependencies": {
        "@chatbot/ai": "0.1.0",
        "@chatbot/contracts": "0.1.0",
        "nodemailer": "^9.0.4"
      },
      "devDependencies": {
        "@types/nodemailer": "^8.0.1"
      }
    },
    "apps/marketing": {
      "name": "@chatbot/marketing",
      "version": "0.1.0"
    },
    "node_modules/@chatbot/admin": {
      "resolved": "apps/admin",
      "link": true
    },
    "node_modules/@chatbot/ai": {
      "resolved": "packages/ai",
      "link": true
    },
    "node_modules/@chatbot/api": {
      "resolved": "apps/api",
      "link": true
    },
    "node_modules/@chatbot/contracts": {
      "resolved": "packages/contracts",
      "link": true
    },
    "node_modules/@chatbot/marketing": {
      "resolved": "apps/marketing",
      "link": true
    },
    "node_modules/@chatbot/widget": {
      "resolved": "packages/widget",
      "link": true
    },
    "node_modules/@types/node": {
      "version": "20.19.43",
      "resolved": "https://registry.npmjs.org/@types/node/-/node-20.19.43.tgz",
      "integrity": "sha512-6oYBAi5ikg4Pl+kGsoYtawUMBT2zZMCvPNF7pVLnHZfd1zf38DRiWn/gT01RYCdUqkv7Fhr+C9ot4/tb+2sVvA==",
      "dev": true,
      "license": "MIT",
      "dependencies": {
        "undici-types": "~6.21.0"
      }
    },
    "node_modules/@types/nodemailer": {
      "version": "8.0.1",
      "resolved": "https://registry.npmjs.org/@types/nodemailer/-/nodemailer-8.0.1.tgz",
      "integrity": "sha512-PxpaInm8V1JQDd4j0ds5HfvWQk8JupS1C0Picb96QJsrrRDjBH+DlK7L4ZdNSqNULhiZRQHc40nLVShaGxXAMw==",
      "dev": true,
      "license": "MIT",
      "dependencies": {
        "@types/node": "*"
      }
    },
    "node_modules/nodemailer": {
      "version": "9.0.4",
      "resolved": "https://registry.npmjs.org/nodemailer/-/nodemailer-9.0.4.tgz",
      "integrity": "sha512-LmJNRVRtfSCULxcZpy0Cpg4WWenlUZ9+zbmTO+S7v9wD6XreYLjXRFtDjtV/4F0HT5p1GyZfA0Ux/myxHb18CQ==",
      "license": "MIT-0",
      "engines": {
        "node": ">=6.0.0"
      }
    },
    "node_modules/typescript": {
      "version": "5.9.3",
      "resolved": "https://registry.npmjs.org/typescript/-/typescript-5.9.3.tgz",
      "integrity": "sha512-jl1vZzPDinLr9eUt3J/t7V6FgNEw9QjvBPdysz9KfQDD41fQrC2Y4vKQdiaUpFT4bXlb1RHhLpp8wtm6M5TgSw==",
      "dev": true,
      "license": "Apache-2.0",
      "bin": {
        "tsc": "bin/tsc",
        "tsserver": "bin/tsserver"
      },
      "engines": {
        "node": ">=14.17"
      }
    },
    "node_modules/undici-types": {
      "version": "6.21.0",
      "resolved": "https://registry.npmjs.org/undici-types/-/undici-types-6.21.0.tgz",
      "integrity": "sha512-iwDZqg0QAGrg9Rav5H4n0M64c3mkR59cJ6wQp+7C4nI0gsmExaedaYLNO44eT4AtBBwjbTiGPMlt2Md0T9H9JQ==",
      "dev": true,
      "license": "MIT"
    },
    "packages/ai": {
      "name": "@chatbot/ai",
      "version": "0.1.0"
    },
    "packages/contracts": {
      "name": "@chatbot/contracts",
      "version": "0.1.0"
    },
    "packages/widget": {
      "name": "@chatbot/widget",
      "version": "0.1.0"
    }
  }
}
